
Microsoft Visual Studio Solution File, Format Version 12.00
# Visual Studio Version 17
VisualStudioVersion = 17.9.34622.214
MinimumVisualStudioVersion = 10.0.40219.1
Project("{9A19103F-16F7-4668-BE54-9A1E7A4F7556}") = "FreestyleSlalomCompetitionManager.BL", "FreestyleSlalomCompetiitonManager.BL\FreestyleSlalomCompetitionManager.BL.csproj", "{54511625-9749-49B9-AEA0-1C891BB0811F}"
EndProject
Project("{9A19103F-16F7-4668-BE54-9A1E7A4F7556}") = "FreestyleSlalomCompetitionManager.Test", "FreestyleSlalomCompetitionManager.Test\FreestyleSlalomCompetitionManager.Test.csproj", "{51564493-DACF-4EF5-BD16-C806552455B0}"
EndProject
Project("{2150E333-8FDC-42A3-9474-1A3956D46DE8}") = "Solution Items", "Solution Items", "{9EDA6D7C-2B5C-4A75-9640-809D580EE72B}"
	ProjectSection(SolutionItems) = preProject
		README.md = README.md
	EndProjectSection
EndProject
Global
	GlobalSection(SolutionConfigurationPlatforms) = preSolution
		Debug|Any CPU = Debug|Any CPU
		Release|Any CPU = Release|Any CPU
	EndGlobalSection
	GlobalSection(ProjectConfigurationPlatforms) = postSolution
		{54511625-9749-49B9-AEA0-1C891BB0811F}.Debug|Any CPU.ActiveCfg = Debug|Any CPU
		{54511625-9749-49B9-AEA0-1C891BB0811F}.Debug|Any CPU.Build.0 = Debug|Any CPU
		{54511625-9749-49B9-AEA0-1C891BB0811F}.Release|Any CPU.ActiveCfg = Release|Any CPU
		{54511625-9749-49B9-AEA0-1C891BB0811F}.Release|Any CPU.Build.0 = Release|Any CPU
		{51564493-DACF-4EF5-BD16-C806552455B0}.Debug|Any CPU.ActiveCfg = Debug|Any CPU
		{51564493-DACF-4EF5-BD16-C806552455B0}.Debug|Any CPU.Build.0 = Debug|Any CPU
		{51564493-DACF-4EF5-BD16-C806552455B0}.Release|Any CPU.ActiveCfg = Release|Any CPU
		{51564493-DACF-4EF5-BD16-C806552455B0}.Release|Any CPU.Build.0 = Release|Any CPU
	EndGlobalSection
	GlobalSection(SolutionProperties) = preSolution
		HideSolutionNode = FALSE
	EndGlobalSection
	GlobalSection(ExtensibilityGlobals) = postSolution
		SolutionGuid = {64223578-D809-4F6B-928C-E92B83632858}
	EndGlobalSection
EndGlobal
